
Microsoft Visual Studio Solution File, Format Version 12.00
# Visual Studio Version 16
VisualStudioVersion = 16.0.29411.108
MinimumVisualStudioVersion = 10.0.40219.1
Project("{9A19103F-16F7-4668-BE54-9A1E7A4F7556}") = "EventSubscriptionApp", "EventSubscriptionApp\EventSubscriptionApp.csproj", "{76EFB86F-4ECD-4EDA-B00B-23775333B18F}"
EndProject
Project("{9A19103F-16F7-4668-BE54-9A1E7A4F7556}") = "EventSubscription.Model", "EventSubscription.Model\EventSubscription.Model.csproj", "{8B7AD984-1364-4A93-ADF5-98A203E2EA7D}"
EndProject
Project("{9A19103F-16F7-4668-BE54-9A1E7A4F7556}") = "EventSubscription.DLSService", "EventSubscription.DLSService\EventSubscription.DLSService.csproj", "{E1841466-6D1A-4C9F-B009-F84886B25821}"
EndProject
Project("{9A19103F-16F7-4668-BE54-9A1E7A4F7556}") = "Shared", "Shared\Shared.csproj", "{EDFD5A60-92BF-474B-8DAA-843E7248C172}"
EndProject
Project("{FAE04EC0-301F-11D3-BF4B-00C04F79EFBC}") = "EventSubscription.DLSServiceTests", "EventSubscription.DLSServiceTests\EventSubscription.DLSServiceTests.csproj", "{4DBF8B62-B3A1-4CEF-B5A7-9897267FF725}"
EndProject
Global
	GlobalSection(SolutionConfigurationPlatforms) = preSolution
		Debug|Any CPU = Debug|Any CPU
		Release|Any CPU = Release|Any CPU
	EndGlobalSection
	GlobalSection(ProjectConfigurationPlatforms) = postSolution
		{76EFB86F-4ECD-4EDA-B00B-23775333B18F}.Debug|Any CPU.ActiveCfg = Debug|Any CPU
		{76EFB86F-4ECD-4EDA-B00B-23775333B18F}.Debug|Any CPU.Build.0 = Debug|Any CPU
		{76EFB86F-4ECD-4EDA-B00B-23775333B18F}.Release|Any CPU.ActiveCfg = Release|Any CPU
		{76EFB86F-4ECD-4EDA-B00B-23775333B18F}.Release|Any CPU.Build.0 = Release|Any CPU
		{8B7AD984-1364-4A93-ADF5-98A203E2EA7D}.Debug|Any CPU.ActiveCfg = Debug|Any CPU
		{8B7AD984-1364-4A93-ADF5-98A203E2EA7D}.Debug|Any CPU.Build.0 = Debug|Any CPU
		{8B7AD984-1364-4A93-ADF5-98A203E2EA7D}.Release|Any CPU.ActiveCfg = Release|Any CPU
		{8B7AD984-1364-4A93-ADF5-98A203E2EA7D}.Release|Any CPU.Build.0 = Release|Any CPU
		{E1841466-6D1A-4C9F-B009-F84886B25821}.Debug|Any CPU.ActiveCfg = Debug|Any CPU
		{E1841466-6D1A-4C9F-B009-F84886B25821}.Debug|Any CPU.Build.0 = Debug|Any CPU
		{E1841466-6D1A-4C9F-B009-F84886B25821}.Release|Any CPU.ActiveCfg = Release|Any CPU
		{E1841466-6D1A-4C9F-B009-F84886B25821}.Release|Any CPU.Build.0 = Release|Any CPU
		{EDFD5A60-92BF-474B-8DAA-843E7248C172}.Debug|Any CPU.ActiveCfg = Debug|Any CPU
		{EDFD5A60-92BF-474B-8DAA-843E7248C172}.Debug|Any CPU.Build.0 = Debug|Any CPU
		{EDFD5A60-92BF-474B-8DAA-843E7248C172}.Release|Any CPU.ActiveCfg = Release|Any CPU
		{EDFD5A60-92BF-474B-8DAA-843E7248C172}.Release|Any CPU.Build.0 = Release|Any CPU
		{4DBF8B62-B3A1-4CEF-B5A7-9897267FF725}.Debug|Any CPU.ActiveCfg = Debug|Any CPU
		{4DBF8B62-B3A1-4CEF-B5A7-9897267FF725}.Debug|Any CPU.Build.0 = Debug|Any CPU
		{4DBF8B62-B3A1-4CEF-B5A7-9897267FF725}.Release|Any CPU.ActiveCfg = Release|Any CPU
		{4DBF8B62-B3A1-4CEF-B5A7-9897267FF725}.Release|Any CPU.Build.0 = Release|Any CPU
	EndGlobalSection
	GlobalSection(SolutionProperties) = preSolution
		HideSolutionNode = FALSE
	EndGlobalSection
	GlobalSection(ExtensibilityGlobals) = postSolution
		SolutionGuid = {661766F9-8D39-47F9-8A69-052265D43771}
	EndGlobalSection
EndGlobal
